// !$*UTF8*$!
{
	archiveVersion = 1;
	classes = {
	};
	objectVersion = 46;
	objects = {

/* Begin PBXBuildFile section */
		914D81281CD8A6E000A88DEA /* AppDelegate.swift in Sources */ = {isa = PBXBuildFile; fileRef = 914D81271CD8A6E000A88DEA /* AppDelegate.swift */; };
		914D812A1CD8A6E000A88DEA /* ViewController.swift in Sources */ = {isa = PBXBuildFile; fileRef = 914D81291CD8A6E000A88DEA /* ViewController.swift */; };
		914D812D1CD8A6E000A88DEA /* Main.storyboard in Resources */ = {isa = PBXBuildFile; fileRef = 914D812B1CD8A6E000A88DEA /* Main.storyboard */; };
		914D812F1CD8A6E000A88DEA /* Assets.xcassets in Resources */ = {isa = PBXBuildFile; fileRef = 914D812E1CD8A6E000A88DEA /* Assets.xcassets */; };
		914D81321CD8A6E000A88DEA /* LaunchScreen.storyboard in Resources */ = {isa = PBXBuildFile; fileRef = 914D81301CD8A6E000A88DEA /* LaunchScreen.storyboard */; };
		914D813A1CD8ACA400A88DEA /* PersonCell.swift in Sources */ = {isa = PBXBuildFile; fileRef = 914D81391CD8ACA400A88DEA /* PersonCell.swift */; };
/* End PBXBuildFile section */

/* Begin PBXFileReference section */
		914D81241CD8A6E000A88DEA /* Missing Persons.app */ = {isa = PBXFileReference; explicitFileType = wrapper.application; includeInIndex = 0; path = "Missing Persons.app"; sourceTree = BUILT_PRODUCTS_DIR; };
		914D81271CD8A6E000A88DEA /* AppDelegate.swift */ = {isa = PBXFileReference; lastKnownFileType = sourcecode.swift; path = AppDelegate.swift; sourceTree = "<group>"; };
		914D81291CD8A6E000A88DEA /* ViewController.swift */ = {isa = PBXFileReference; lastKnownFileType = sourcecode.swift; path = ViewController.swift; sourceTree = "<group>"; };
		914D812C1CD8A6E000A88DEA /* Base */ = {isa = PBXFileReference; lastKnownFileType = file.storyboard; name = Base; path = Base.lproj/Main.storyboard; sourceTree = "<group>"; };
		914D812E1CD8A6E000A88DEA /* Assets.xcassets */ = {isa = PBXFileReference; lastKnownFileType = folder.assetcatalog; path = Assets.xcassets; sourceTree = "<group>"; };
		914D81311CD8A6E000A88DEA /* Base */ = {isa = PBXFileReference; lastKnownFileType = file.storyboard; name = Base; path = Base.lproj/LaunchScreen.storyboard; sourceTree = "<group>"; };
		914D81331CD8A6E000A88DEA /* Info.plist */ = {isa = PBXFileReference; lastKnownFileType = text.plist.xml; path = Info.plist; sourceTree = "<group>"; };
		914D81391CD8ACA400A88DEA /* PersonCell.swift */ = {isa = PBXFileReference; fileEncoding = 4; lastKnownFileType = sourcecode.swift; path = PersonCell.swift; sourceTree = "<group>"; };
/* End PBXFileReference section */

/* Begin PBXFrameworksBuildPhase section */
		914D81211CD8A6E000A88DEA /* Frameworks */ = {
			isa = PBXFrameworksBuildPhase;
			buildActionMask = 2147483647;
			files = (
			);
			runOnlyForDeploymentPostprocessing = 0;
		};
/* End PBXFrameworksBuildPhase section */

/* Begin PBXGroup section */
		914D811B1CD8A6E000A88DEA = {
			isa = PBXGroup;
			children = (
				914D81261CD8A6E000A88DEA /* Missing Persons */,
				914D81251CD8A6E000A88DEA /* Products */,
			);
			sourceTree = "<group>";
		};
		914D81251CD8A6E000A88DEA /* Products */ = {
			isa = PBXGroup;
			children = (
				914D81241CD8A6E000A88DEA /* Missing Persons.app */,
			);
			name = Products;
			sourceTree = "<group>";
		};
		914D81261CD8A6E000A88DEA /* Missing Persons */ = {
			isa = PBXGroup;
			children = (
				914D81271CD8A6E000A88DEA /* AppDelegate.swift */,
				914D81291CD8A6E000A88DEA /* ViewController.swift */,
				914D812B1CD8A6E000A88DEA /* Main.storyboard */,
				914D812E1CD8A6E000A88DEA /* Assets.xcassets */,
				914D81301CD8A6E000A88DEA /* LaunchScreen.storyboard */,
				914D81331CD8A6E000A88DEA /* Info.plist */,
				914D81391CD8ACA400A88DEA /* PersonCell.swift */,
			);
			path = "Missing Persons";
			sourceTree = "<group>";
		};
/* End PBXGroup section */

/* Begin PBXNativeTarget section */
		914D81231CD8A6E000A88DEA /* Missing Persons */ = {
			isa = PBXNativeTarget;
			buildConfigurationList = 914D81361CD8A6E000A88DEA /* Build configuration list for PBXNativeTarget "Missing Persons" */;
			buildPhases = (
				914D81201CD8A6E000A88DEA /* Sources */,
				914D81211CD8A6E000A88DEA /* Frameworks */,
				914D81221CD8A6E000A88DEA /* Resources */,
			);
			buildRules = (
			);
			dependencies = (
			);
			name = "Missing Persons";
			productName = "Missing Persons";
			productReference = 914D81241CD8A6E000A88DEA /* Missing Persons.app */;
			productType = "com.apple.product-type.application";
		};
/* End PBXNativeTarget section */

/* Begin PBXProject section */
		914D811C1CD8A6E000A88DEA /* Project object */ = {
			isa = PBXProject;
			attributes = {
				LastSwiftUpdateCheck = 0730;
				LastUpgradeCheck = 0730;
				ORGANIZATIONNAME = Awsome;
				TargetAttributes = {
					914D81231CD8A6E000A88DEA = {
						CreatedOnToolsVersion = 7.3;
						DevelopmentTeam = PW5CGBBSUC;
					};
				};
			};
			buildConfigurationList = 914D811F1CD8A6E000A88DEA /* Build configuration list for PBXProject "Missing Persons" */;
			compatibilityVersion = "Xcode 3.2";
			developmentRegion = English;
			hasScannedForEncodings = 0;
			knownRegions = (
				en,
				Base,
			);
			mainGroup = 914D811B1CD8A6E000A88DEA;
			productRefGroup = 914D81251CD8A6E000A88DEA /* Products */;
			projectDirPath = "";
			projectRoot = "";
			targets = (
				914D81231CD8A6E000A88DEA /* Missing Persons */,
			);
		};
/* End PBXProject section */

/* Begin PBXResourcesBuildPhase section */
		914D81221CD8A6E000A88DEA /* Resources */ = {
			isa = PBXResourcesBuildPhase;
			buildActionMask = 2147483647;
			files = (
				914D81321CD8A6E000A88DEA /* LaunchScreen.storyboard in Resources */,
				914D812F1CD8A6E000A88DEA /* Assets.xcassets in Resources */,
				914D812D1CD8A6E000A88DEA /* Main.storyboard in Resources */,
			);
			runOnlyForDeploymentPostprocessing = 0;
		};
/* End PBXResourcesBuildPhase section */

/* Begin PBXSourcesBuildPhase section */
		914D81201CD8A6E000A88DEA /* Sources */ = {
			isa = PBXSourcesBuildPhase;
			buildActionMask = 2147483647;
			files = (
				914D813A1CD8ACA400A88DEA /* PersonCell.swift in Sources */,
				914D812A1CD8A6E000A88DEA /* ViewController.swift in Sources */,
				914D81281CD8A6E000A88DEA /* AppDelegate.swift in Sources */,
			);
			runOnlyForDeploymentPostprocessing = 0;
		};
/* End PBXSourcesBuildPhase section */

/* Begin PBXVariantGroup section */
		914D812B1CD8A6E000A88DEA /* Main.storyboard */ = {
			isa = PBXVariantGroup;
			children = (
				914D812C1CD8A6E000A88DEA /* Base */,
			);
			name = Main.storyboard;
			sourceTree = "<group>";
		};
		914D81301CD8A6E000A88DEA /* LaunchScreen.storyboard */ = {
			isa = PBXVariantGroup;
			children = (
				914D81311CD8A6E000A88DEA /* Base */,
			);
			name = LaunchScreen.storyboard;
			sourceTree = "<group>";
		};
/* End PBXVariantGroup section */

/* Begin XCBuildConfiguration section */
		914D81341CD8A6E000A88DEA /* Debug */ = {
			isa = XCBuildConfiguration;
			buildSettings = {
				ALWAYS_SEARCH_USER_PATHS = NO;
				CLANG_ANALYZER_NONNULL = YES;
				CLANG_CXX_LANGUAGE_STANDARD = "gnu++0x";
				CLANG_CXX_LIBRARY = "libc++";
				CLANG_ENABLE_MODULES = YES;
				CLANG_ENABLE_OBJC_ARC = YES;
				CLANG_WARN_BOOL_CONVERSION = YES;
				CLANG_WARN_CONSTANT_CONVERSION = YES;
				CLANG_WARN_DIRECT_OBJC_ISA_USAGE = YES_ERROR;
				CLANG_WARN_EMPTY_BODY = YES;
				CLANG_WARN_ENUM_CONVERSION = YES;
				CLANG_WARN_INT_CONVERSION = YES;
				CLANG_WARN_OBJC_ROOT_CLASS = YES_ERROR;
				CLANG_WARN_UNREACHABLE_CODE = YES;
				CLANG_WARN__DUPLICATE_METHOD_MATCH = YES;
				"CODE_SIGN_IDENTITY[sdk=iphoneos*]" = "iPhone Developer";
				COPY_PHASE_STRIP = NO;
				DEBUG_INFORMATION_FORMAT = dwarf;
				ENABLE_STRICT_OBJC_MSGSEND = YES;
				ENABLE_TESTABILITY = YES;
				GCC_C_LANGUAGE_STANDARD = gnu99;
				GCC_DYNAMIC_NO_PIC = NO;
				GCC_NO_COMMON_BLOCKS = YES;
				GCC_OPTIMIZATION_LEVEL = 0;
				GCC_PREPROCESSOR_DEFINITIONS = (
					"DEBUG=1",
					"$(inherited)",
				);
				GCC_WARN_64_TO_32_BIT_CONVERSION = YES;
				GCC_WARN_ABOUT_RETURN_TYPE = YES_ERROR;
				GCC_WARN_UNDECLARED_SELECTOR = YES;
				GCC_WARN_UNINITIALIZED_AUTOS = YES_AGGRESSIVE;
				GCC_WARN_UNUSED_FUNCTION = YES;
				GCC_WARN_UNUSED_VARIABLE = YES;
				IPHONEOS_DEPLOYMENT_TARGET = 9.3;
				MTL_ENABLE_DEBUG_INFO = YES;
				ONLY_ACTIVE_ARCH = YES;
				SDKROOT = iphoneos;
				SWIFT_OPTIMIZATION_LEVEL = "-Onone";
				TARGETED_DEVICE_FAMILY = "1,2";
			};
			name = Debug;
		};
		914D81351CD8A6E000A88DEA /* Release */ = {
			isa = XCBuildConfiguration;
			buildSettings = {
				ALWAYS_SEARCH_USER_PATHS = NO;
				CLANG_ANALYZER_NONNULL = YES;
				CLANG_CXX_LANGUAGE_STANDARD = "gnu++0x";
				CLANG_CXX_LIBRARY = "libc++";
				CLANG_ENABLE_MODULES = YES;
				CLANG_ENABLE_OBJC_ARC = YES;
				CLANG_WARN_BOOL_CONVERSION = YES;
				CLANG_WARN_CONSTANT_CONVERSION = YES;
				CLANG_WARN_DIRECT_OBJC_ISA_USAGE = YES_ERROR;
				CLANG_WARN_EMPTY_BODY = YES;
				CLANG_WARN_ENUM_CONVERSION = YES;
				CLANG_WARN_INT_CONVERSION = YES;
				CLANG_WARN_OBJC_ROOT_CLASS = YES_ERROR;
				CLANG_WARN_UNREACHABLE_CODE = YES;
				CLANG_WARN__DUPLICATE_METHOD_MATCH = YES;
				"CODE_SIGN_IDENTITY[sdk=iphoneos*]" = "iPhone Developer";
				COPY_PHASE_STRIP = NO;
				DEBUG_INFORMATION_FORMAT = "dwarf-with-dsym";
				ENABLE_NS_ASSERTIONS = NO;
				ENABLE_STRICT_OBJC_MSGSEND = YES;
				GCC_C_LANGUAGE_STANDARD = gnu99;
				GCC_NO_COMMON_BLOCKS = YES;
				GCC_WARN_64_TO_32_BIT_CONVERSION = YES;
				GCC_WARN_ABOUT_RETURN_TYPE = YES_ERROR;
				GCC_WARN_UNDECLARED_SELECTOR = YES;
				GCC_WARN_UNINITIALIZED_AUTOS = YES_AGGRESSIVE;
				GCC_WARN_UNUSED_FUNCTION = YES;
				GCC_WARN_UNUSED_VARIABLE = YES;
				IPHONEOS_DEPLOYMENT_TARGET = 9.3;
				MTL_ENABLE_DEBUG_INFO = NO;
				SDKROOT = iphoneos;
				TARGETED_DEVICE_FAMILY = "1,2";
				VALIDATE_PRODUCT = YES;
			};
			name = Release;
		};
		914D81371CD8A6E000A88DEA /* Debug */ = {
			isa = XCBuildConfiguration;
			buildSettings = {
				ASSETCATALOG_COMPILER_APPICON_NAME = AppIcon;
				INFOPLIST_FILE = "Missing Persons/Info.plist";
				LD_RUNPATH_SEARCH_PATHS = "$(inherited) @executable_path/Frameworks";
				PRODUCT_BUNDLE_IDENTIFIER = "com.awesome.Missing-Persons";
				PRODUCT_NAME = "$(TARGET_NAME)";
			};
			name = Debug;
		};
		914D81381CD8A6E000A88DEA /* Release */ = {
			isa = XCBuildConfiguration;
			buildSettings = {
				ASSETCATALOG_COMPILER_APPICON_NAME = AppIcon;
				INFOPLIST_FILE = "Missing Persons/Info.plist";
				LD_RUNPATH_SEARCH_PATHS = "$(inherited) @executable_path/Frameworks";
				PRODUCT_BUNDLE_IDENTIFIER = "com.awesome.Missing-Persons";
				PRODUCT_NAME = "$(TARGET_NAME)";
			};
			name = Release;
		};
/* End XCBuildConfiguration section */

/* Begin XCConfigurationList section */
		914D811F1CD8A6E000A88DEA /* Build configuration list for PBXProject "Missing Persons" */ = {
			isa = XCConfigurationList;
			buildConfigurations = (
				914D81341CD8A6E000A88DEA /* Debug */,
				914D81351CD8A6E000A88DEA /* Release */,
			);
			defaultConfigurationIsVisible = 0;
			defaultConfigurationName = Release;
		};
		914D81361CD8A6E000A88DEA /* Build configuration list for PBXNativeTarget "Missing Persons" */ = {
			isa = XCConfigurationList;
			buildConfigurations = (
				914D81371CD8A6E000A88DEA /* Debug */,
				914D81381CD8A6E000A88DEA /* Release */,
			);
			defaultConfigurationIsVisible = 0;
		};
/* End XCConfigurationList section */
	};
	rootObject = 914D811C1CD8A6E000A88DEA /* Project object */;
}
